
Microsoft Visual Studio Solution File, Format Version 12.00
# Visual Studio 2012
Project("{FAE04EC0-301F-11D3-BF4B-00C04F79EFBC}") = "DataAggregator", "DataAggregator\DataAggregator.csproj", "{B0F201EF-D1D7-47FB-876D-757B1253920B}"
EndProject
Project("{FAE04EC0-301F-11D3-BF4B-00C04F79EFBC}") = "DataModel", "DataModel\DataModel.csproj", "{30342368-B74C-4D53-8E84-0E507D8821D3}"
EndProject
Project("{9344BDBB-3E7F-41FC-A0DD-8665D75EE146}") = "Visualization", "Visualization\Visualization.mdproj", "{524CB2CB-F33B-4978-9BBA-7A2BFED5A37F}"
EndProject
Global
	GlobalSection(SolutionConfigurationPlatforms) = preSolution
		Debug|Any CPU = Debug|Any CPU
		Release|Any CPU = Release|Any CPU
		Default|Any CPU = Default|Any CPU
	EndGlobalSection
	GlobalSection(ProjectConfigurationPlatforms) = postSolution
		{30342368-B74C-4D53-8E84-0E507D8821D3}.Debug|Any CPU.ActiveCfg = Debug|Any CPU
		{30342368-B74C-4D53-8E84-0E507D8821D3}.Debug|Any CPU.Build.0 = Debug|Any CPU
		{30342368-B74C-4D53-8E84-0E507D8821D3}.Default|Any CPU.ActiveCfg = Debug|Any CPU
		{30342368-B74C-4D53-8E84-0E507D8821D3}.Default|Any CPU.Build.0 = Debug|Any CPU
		{30342368-B74C-4D53-8E84-0E507D8821D3}.Release|Any CPU.ActiveCfg = Release|Any CPU
		{30342368-B74C-4D53-8E84-0E507D8821D3}.Release|Any CPU.Build.0 = Release|Any CPU
		{524CB2CB-F33B-4978-9BBA-7A2BFED5A37F}.Debug|Any CPU.ActiveCfg = Default|Any CPU
		{524CB2CB-F33B-4978-9BBA-7A2BFED5A37F}.Debug|Any CPU.Build.0 = Default|Any CPU
		{524CB2CB-F33B-4978-9BBA-7A2BFED5A37F}.Default|Any CPU.ActiveCfg = Default|Any CPU
		{524CB2CB-F33B-4978-9BBA-7A2BFED5A37F}.Default|Any CPU.Build.0 = Default|Any CPU
		{524CB2CB-F33B-4978-9BBA-7A2BFED5A37F}.Release|Any CPU.ActiveCfg = Default|Any CPU
		{524CB2CB-F33B-4978-9BBA-7A2BFED5A37F}.Release|Any CPU.Build.0 = Default|Any CPU
		{B0F201EF-D1D7-47FB-876D-757B1253920B}.Debug|Any CPU.ActiveCfg = Debug|Any CPU
		{B0F201EF-D1D7-47FB-876D-757B1253920B}.Debug|Any CPU.Build.0 = Debug|Any CPU
		{B0F201EF-D1D7-47FB-876D-757B1253920B}.Default|Any CPU.ActiveCfg = Debug|Any CPU
		{B0F201EF-D1D7-47FB-876D-757B1253920B}.Default|Any CPU.Build.0 = Debug|Any CPU
		{B0F201EF-D1D7-47FB-876D-757B1253920B}.Release|Any CPU.ActiveCfg = Release|Any CPU
		{B0F201EF-D1D7-47FB-876D-757B1253920B}.Release|Any CPU.Build.0 = Release|Any CPU
	EndGlobalSection
EndGlobal
